
Microsoft Visual Studio Solution File, Format Version 12.00
# Visual Studio Version 17
VisualStudioVersion = 17.9.34728.123
MinimumVisualStudioVersion = 10.0.40219.1
Project("{9A19103F-16F7-4668-BE54-9A1E7A4F7556}") = "SudokuPage", "SudokuPage\SudokuPage.csproj", "{12B308F6-CA54-45DF-B98A-D5BF6A2DB6D4}"
EndProject
Project("{9A19103F-16F7-4668-BE54-9A1E7A4F7556}") = "SudokuSolverLogic", "SudokuSolverLogic\SudokuSolverLogic.csproj", "{C3B2D9BE-06B4-425E-964D-EFB3C49CE213}"
EndProject
Global
	GlobalSection(SolutionConfigurationPlatforms) = preSolution
		Debug|Any CPU = Debug|Any CPU
		Release|Any CPU = Release|Any CPU
	EndGlobalSection
	GlobalSection(ProjectConfigurationPlatforms) = postSolution
		{12B308F6-CA54-45DF-B98A-D5BF6A2DB6D4}.Debug|Any CPU.ActiveCfg = Debug|Any CPU
		{12B308F6-CA54-45DF-B98A-D5BF6A2DB6D4}.Debug|Any CPU.Build.0 = Debug|Any CPU
		{12B308F6-CA54-45DF-B98A-D5BF6A2DB6D4}.Release|Any CPU.ActiveCfg = Release|Any CPU
		{12B308F6-CA54-45DF-B98A-D5BF6A2DB6D4}.Release|Any CPU.Build.0 = Release|Any CPU
		{C3B2D9BE-06B4-425E-964D-EFB3C49CE213}.Debug|Any CPU.ActiveCfg = Debug|Any CPU
		{C3B2D9BE-06B4-425E-964D-EFB3C49CE213}.Debug|Any CPU.Build.0 = Debug|Any CPU
		{C3B2D9BE-06B4-425E-964D-EFB3C49CE213}.Release|Any CPU.ActiveCfg = Release|Any CPU
		{C3B2D9BE-06B4-425E-964D-EFB3C49CE213}.Release|Any CPU.Build.0 = Release|Any CPU
	EndGlobalSection
	GlobalSection(SolutionProperties) = preSolution
		HideSolutionNode = FALSE
	EndGlobalSection
	GlobalSection(ExtensibilityGlobals) = postSolution
		SolutionGuid = {962DF4B9-6587-4596-9C04-2CADCBA68425}
	EndGlobalSection
EndGlobal
